
Microsoft Visual Studio Solution File, Format Version 12.00
# Visual Studio Version 17
VisualStudioVersion = 17.3.32901.215
MinimumVisualStudioVersion = 10.0.40219.1
Project("{FAE04EC0-301F-11D3-BF4B-00C04F79EFBC}") = "Парсер", "Парсер\Парсер.csproj", "{AEF0BED6-5F50-47E7-A06B-13528BFEBDD5}"
EndProject
Global
	GlobalSection(SolutionConfigurationPlatforms) = preSolution
		Debug|Any CPU = Debug|Any CPU
		Release|Any CPU = Release|Any CPU
	EndGlobalSection
	GlobalSection(ProjectConfigurationPlatforms) = postSolution
		{AEF0BED6-5F50-47E7-A06B-13528BFEBDD5}.Debug|Any CPU.ActiveCfg = Debug|Any CPU
		{AEF0BED6-5F50-47E7-A06B-13528BFEBDD5}.Debug|Any CPU.Build.0 = Debug|Any CPU
		{AEF0BED6-5F50-47E7-A06B-13528BFEBDD5}.Release|Any CPU.ActiveCfg = Release|Any CPU
		{AEF0BED6-5F50-47E7-A06B-13528BFEBDD5}.Release|Any CPU.Build.0 = Release|Any CPU
	EndGlobalSection
	GlobalSection(SolutionProperties) = preSolution
		HideSolutionNode = FALSE
	EndGlobalSection
	GlobalSection(ExtensibilityGlobals) = postSolution
		SolutionGuid = {8F8A9953-EF1D-4B3C-8F8C-E05D592DB0BF}
	EndGlobalSection
EndGlobal
